// !$*UTF8*$!
{
	archiveVersion = 1;
	classes = {
	};
	objectVersion = 46;
	objects = {

/* Begin PBXBuildFile section */
		4ACB6EEE1D5AB296008DA56E /* AppDelegate.swift in Sources */ = {isa = PBXBuildFile; fileRef = 4ACB6EED1D5AB296008DA56E /* AppDelegate.swift */; };
		4ACB6EF01D5AB296008DA56E /* ViewController.swift in Sources */ = {isa = PBXBuildFile; fileRef = 4ACB6EEF1D5AB296008DA56E /* ViewController.swift */; };
		4ACB6EF31D5AB296008DA56E /* Main.storyboard in Resources */ = {isa = PBXBuildFile; fileRef = 4ACB6EF11D5AB296008DA56E /* Main.storyboard */; };
		4ACB6EF51D5AB296008DA56E /* Assets.xcassets in Resources */ = {isa = PBXBuildFile; fileRef = 4ACB6EF41D5AB296008DA56E /* Assets.xcassets */; };
		4ACB6EF81D5AB296008DA56E /* LaunchScreen.storyboard in Resources */ = {isa = PBXBuildFile; fileRef = 4ACB6EF61D5AB296008DA56E /* LaunchScreen.storyboard */; };
		4ACB6F031D5AB296008DA56E /* text_readerTests.swift in Sources */ = {isa = PBXBuildFile; fileRef = 4ACB6F021D5AB296008DA56E /* text_readerTests.swift */; };
		4ACB6F0E1D5AB296008DA56E /* text_readerUITests.swift in Sources */ = {isa = PBXBuildFile; fileRef = 4ACB6F0D1D5AB296008DA56E /* text_readerUITests.swift */; };
/* End PBXBuildFile section */

/* Begin PBXContainerItemProxy section */
		4ACB6EFF1D5AB296008DA56E /* PBXContainerItemProxy */ = {
			isa = PBXContainerItemProxy;
			containerPortal = 4ACB6EE21D5AB296008DA56E /* Project object */;
			proxyType = 1;
			remoteGlobalIDString = 4ACB6EE91D5AB296008DA56E;
			remoteInfo = "text reader";
		};
		4ACB6F0A1D5AB296008DA56E /* PBXContainerItemProxy */ = {
			isa = PBXContainerItemProxy;
			containerPortal = 4ACB6EE21D5AB296008DA56E /* Project object */;
			proxyType = 1;
			remoteGlobalIDString = 4ACB6EE91D5AB296008DA56E;
			remoteInfo = "text reader";
		};
/* End PBXContainerItemProxy section */

/* Begin PBXFileReference section */
		4ACB6EEA1D5AB296008DA56E /* text reader.app */ = {isa = PBXFileReference; explicitFileType = wrapper.application; includeInIndex = 0; path = "text reader.app"; sourceTree = BUILT_PRODUCTS_DIR; };
		4ACB6EED1D5AB296008DA56E /* AppDelegate.swift */ = {isa = PBXFileReference; lastKnownFileType = sourcecode.swift; path = AppDelegate.swift; sourceTree = "<group>"; };
		4ACB6EEF1D5AB296008DA56E /* ViewController.swift */ = {isa = PBXFileReference; lastKnownFileType = sourcecode.swift; path = ViewController.swift; sourceTree = "<group>"; };
		4ACB6EF21D5AB296008DA56E /* Base */ = {isa = PBXFileReference; lastKnownFileType = file.storyboard; name = Base; path = Base.lproj/Main.storyboard; sourceTree = "<group>"; };
		4ACB6EF41D5AB296008DA56E /* Assets.xcassets */ = {isa = PBXFileReference; lastKnownFileType = folder.assetcatalog; path = Assets.xcassets; sourceTree = "<group>"; };
		4ACB6EF71D5AB296008DA56E /* Base */ = {isa = PBXFileReference; lastKnownFileType = file.storyboard; name = Base; path = Base.lproj/LaunchScreen.storyboard; sourceTree = "<group>"; };
		4ACB6EF91D5AB296008DA56E /* Info.plist */ = {isa = PBXFileReference; lastKnownFileType = text.plist.xml; path = Info.plist; sourceTree = "<group>"; };
		4ACB6EFE1D5AB296008DA56E /* text readerTests.xctest */ = {isa = PBXFileReference; explicitFileType = wrapper.cfbundle; includeInIndex = 0; path = "text readerTests.xctest"; sourceTree = BUILT_PRODUCTS_DIR; };
		4ACB6F021D5AB296008DA56E /* text_readerTests.swift */ = {isa = PBXFileReference; lastKnownFileType = sourcecode.swift; path = text_readerTests.swift; sourceTree = "<group>"; };
		4ACB6F041D5AB296008DA56E /* Info.plist */ = {isa = PBXFileReference; lastKnownFileType = text.plist.xml; path = Info.plist; sourceTree = "<group>"; };
		4ACB6F091D5AB296008DA56E /* text readerUITests.xctest */ = {isa = PBXFileReference; explicitFileType = wrapper.cfbundle; includeInIndex = 0; path = "text readerUITests.xctest"; sourceTree = BUILT_PRODUCTS_DIR; };
		4ACB6F0D1D5AB296008DA56E /* text_readerUITests.swift */ = {isa = PBXFileReference; lastKnownFileType = sourcecode.swift; path = text_readerUITests.swift; sourceTree = "<group>"; };
		4ACB6F0F1D5AB296008DA56E /* Info.plist */ = {isa = PBXFileReference; lastKnownFileType = text.plist.xml; path = Info.plist; sourceTree = "<group>"; };
/* End PBXFileReference section */

/* Begin PBXFrameworksBuildPhase section */
		4ACB6EE71D5AB296008DA56E /* Frameworks */ = {
			isa = PBXFrameworksBuildPhase;
			buildActionMask = 2147483647;
			files = (
			);
			runOnlyForDeploymentPostprocessing = 0;
		};
		4ACB6EFB1D5AB296008DA56E /* Frameworks */ = {
			isa = PBXFrameworksBuildPhase;
			buildActionMask = 2147483647;
			files = (
			);
			runOnlyForDeploymentPostprocessing = 0;
		};
		4ACB6F061D5AB296008DA56E /* Frameworks */ = {
			isa = PBXFrameworksBuildPhase;
			buildActionMask = 2147483647;
			files = (
			);
			runOnlyForDeploymentPostprocessing = 0;
		};
/* End PBXFrameworksBuildPhase section */

/* Begin PBXGroup section */
		4ACB6EE11D5AB296008DA56E = {
			isa = PBXGroup;
			children = (
				4ACB6EEC1D5AB296008DA56E /* text reader */,
				4ACB6F011D5AB296008DA56E /* text readerTests */,
				4ACB6F0C1D5AB296008DA56E /* text readerUITests */,
				4ACB6EEB1D5AB296008DA56E /* Products */,
			);
			sourceTree = "<group>";
		};
		4ACB6EEB1D5AB296008DA56E /* Products */ = {
			isa = PBXGroup;
			children = (
				4ACB6EEA1D5AB296008DA56E /* text reader.app */,
				4ACB6EFE1D5AB296008DA56E /* text readerTests.xctest */,
				4ACB6F091D5AB296008DA56E /* text readerUITests.xctest */,
			);
			name = Products;
			sourceTree = "<group>";
		};
		4ACB6EEC1D5AB296008DA56E /* text reader */ = {
			isa = PBXGroup;
			children = (
				4ACB6EED1D5AB296008DA56E /* AppDelegate.swift */,
				4ACB6EEF1D5AB296008DA56E /* ViewController.swift */,
				4ACB6EF11D5AB296008DA56E /* Main.storyboard */,
				4ACB6EF41D5AB296008DA56E /* Assets.xcassets */,
				4ACB6EF61D5AB296008DA56E /* LaunchScreen.storyboard */,
				4ACB6EF91D5AB296008DA56E /* Info.plist */,
			);
			path = "text reader";
			sourceTree = "<group>";
		};
		4ACB6F011D5AB296008DA56E /* text readerTests */ = {
			isa = PBXGroup;
			children = (
				4ACB6F021D5AB296008DA56E /* text_readerTests.swift */,
				4ACB6F041D5AB296008DA56E /* Info.plist */,
			);
			path = "text readerTests";
			sourceTree = "<group>";
		};
		4ACB6F0C1D5AB296008DA56E /* text readerUITests */ = {
			isa = PBXGroup;
			children = (
				4ACB6F0D1D5AB296008DA56E /* text_readerUITests.swift */,
				4ACB6F0F1D5AB296008DA56E /* Info.plist */,
			);
			path = "text readerUITests";
			sourceTree = "<group>";
		};
/* End PBXGroup section */

/* Begin PBXNativeTarget section */
		4ACB6EE91D5AB296008DA56E /* text reader */ = {
			isa = PBXNativeTarget;
			buildConfigurationList = 4ACB6F121D5AB296008DA56E /* Build configuration list for PBXNativeTarget "text reader" */;
			buildPhases = (
				4ACB6EE61D5AB296008DA56E /* Sources */,
				4ACB6EE71D5AB296008DA56E /* Frameworks */,
				4ACB6EE81D5AB296008DA56E /* Resources */,
			);
			buildRules = (
			);
			dependencies = (
			);
			name = "text reader";
			productName = "text reader";
			productReference = 4ACB6EEA1D5AB296008DA56E /* text reader.app */;
			productType = "com.apple.product-type.application";
		};
		4ACB6EFD1D5AB296008DA56E /* text readerTests */ = {
			isa = PBXNativeTarget;
			buildConfigurationList = 4ACB6F151D5AB296008DA56E /* Build configuration list for PBXNativeTarget "text readerTests" */;
			buildPhases = (
				4ACB6EFA1D5AB296008DA56E /* Sources */,
				4ACB6EFB1D5AB296008DA56E /* Frameworks */,
				4ACB6EFC1D5AB296008DA56E /* Resources */,
			);
			buildRules = (
			);
			dependencies = (
				4ACB6F001D5AB296008DA56E /* PBXTargetDependency */,
			);
			name = "text readerTests";
			productName = "text readerTests";
			productReference = 4ACB6EFE1D5AB296008DA56E /* text readerTests.xctest */;
			productType = "com.apple.product-type.bundle.unit-test";
		};
		4ACB6F081D5AB296008DA56E /* text readerUITests */ = {
			isa = PBXNativeTarget;
			buildConfigurationList = 4ACB6F181D5AB296008DA56E /* Build configuration list for PBXNativeTarget "text readerUITests" */;
			buildPhases = (
				4ACB6F051D5AB296008DA56E /* Sources */,
				4ACB6F061D5AB296008DA56E /* Frameworks */,
				4ACB6F071D5AB296008DA56E /* Resources */,
			);
			buildRules = (
			);
			dependencies = (
				4ACB6F0B1D5AB296008DA56E /* PBXTargetDependency */,
			);
			name = "text readerUITests";
			productName = "text readerUITests";
			productReference = 4ACB6F091D5AB296008DA56E /* text readerUITests.xctest */;
			productType = "com.apple.product-type.bundle.ui-testing";
		};
/* End PBXNativeTarget section */

/* Begin PBXProject section */
		4ACB6EE21D5AB296008DA56E /* Project object */ = {
			isa = PBXProject;
			attributes = {
				LastSwiftUpdateCheck = 0730;
				LastUpgradeCheck = 0730;
				ORGANIZATIONNAME = Vincenthng;
				TargetAttributes = {
					4ACB6EE91D5AB296008DA56E = {
						CreatedOnToolsVersion = 7.3.1;
					};
					4ACB6EFD1D5AB296008DA56E = {
						CreatedOnToolsVersion = 7.3.1;
						TestTargetID = 4ACB6EE91D5AB296008DA56E;
					};
					4ACB6F081D5AB296008DA56E = {
						CreatedOnToolsVersion = 7.3.1;
						TestTargetID = 4ACB6EE91D5AB296008DA56E;
					};
				};
			};
			buildConfigurationList = 4ACB6EE51D5AB296008DA56E /* Build configuration list for PBXProject "text reader" */;
			compatibilityVersion = "Xcode 3.2";
			developmentRegion = English;
			hasScannedForEncodings = 0;
			knownRegions = (
				en,
				Base,
			);
			mainGroup = 4ACB6EE11D5AB296008DA56E;
			productRefGroup = 4ACB6EEB1D5AB296008DA56E /* Products */;
			projectDirPath = "";
			projectRoot = "";
			targets = (
				4ACB6EE91D5AB296008DA56E /* text reader */,
				4ACB6EFD1D5AB296008DA56E /* text readerTests */,
				4ACB6F081D5AB296008DA56E /* text readerUITests */,
			);
		};
/* End PBXProject section */

/* Begin PBXResourcesBuildPhase section */
		4ACB6EE81D5AB296008DA56E /* Resources */ = {
			isa = PBXResourcesBuildPhase;
			buildActionMask = 2147483647;
			files = (
				4ACB6EF81D5AB296008DA56E /* LaunchScreen.storyboard in Resources */,
				4ACB6EF51D5AB296008DA56E /* Assets.xcassets in Resources */,
				4ACB6EF31D5AB296008DA56E /* Main.storyboard in Resources */,
			);
			runOnlyForDeploymentPostprocessing = 0;
		};
		4ACB6EFC1D5AB296008DA56E /* Resources */ = {
			isa = PBXResourcesBuildPhase;
			buildActionMask = 2147483647;
			files = (
			);
			runOnlyForDeploymentPostprocessing = 0;
		};
		4ACB6F071D5AB296008DA56E /* Resources */ = {
			isa = PBXResourcesBuildPhase;
			buildActionMask = 2147483647;
			files = (
			);
			runOnlyForDeploymentPostprocessing = 0;
		};
/* End PBXResourcesBuildPhase section */

/* Begin PBXSourcesBuildPhase section */
		4ACB6EE61D5AB296008DA56E /* Sources */ = {
			isa = PBXSourcesBuildPhase;
			buildActionMask = 2147483647;
			files = (
				4ACB6EF01D5AB296008DA56E /* ViewController.swift in Sources */,
				4ACB6EEE1D5AB296008DA56E /* AppDelegate.swift in Sources */,
			);
			runOnlyForDeploymentPostprocessing = 0;
		};
		4ACB6EFA1D5AB296008DA56E /* Sources */ = {
			isa = PBXSourcesBuildPhase;
			buildActionMask = 2147483647;
			files = (
				4ACB6F031D5AB296008DA56E /* text_readerTests.swift in Sources */,
			);
			runOnlyForDeploymentPostprocessing = 0;
		};
		4ACB6F051D5AB296008DA56E /* Sources */ = {
			isa = PBXSourcesBuildPhase;
			buildActionMask = 2147483647;
			files = (
				4ACB6F0E1D5AB296008DA56E /* text_readerUITests.swift in Sources */,
			);
			runOnlyForDeploymentPostprocessing = 0;
		};
/* End PBXSourcesBuildPhase section */

/* Begin PBXTargetDependency section */
		4ACB6F001D5AB296008DA56E /* PBXTargetDependency */ = {
			isa = PBXTargetDependency;
			target = 4ACB6EE91D5AB296008DA56E /* text reader */;
			targetProxy = 4ACB6EFF1D5AB296008DA56E /* PBXContainerItemProxy */;
		};
		4ACB6F0B1D5AB296008DA56E /* PBXTargetDependency */ = {
			isa = PBXTargetDependency;
			target = 4ACB6EE91D5AB296008DA56E /* text reader */;
			targetProxy = 4ACB6F0A1D5AB296008DA56E /* PBXContainerItemProxy */;
		};
/* End PBXTargetDependency section */

/* Begin PBXVariantGroup section */
		4ACB6EF11D5AB296008DA56E /* Main.storyboard */ = {
			isa = PBXVariantGroup;
			children = (
				4ACB6EF21D5AB296008DA56E /* Base */,
			);
			name = Main.storyboard;
			sourceTree = "<group>";
		};
		4ACB6EF61D5AB296008DA56E /* LaunchScreen.storyboard */ = {
			isa = PBXVariantGroup;
			children = (
				4ACB6EF71D5AB296008DA56E /* Base */,
			);
			name = LaunchScreen.storyboard;
			sourceTree = "<group>";
		};
/* End PBXVariantGroup section */

/* Begin XCBuildConfiguration section */
		4ACB6F101D5AB296008DA56E /* Debug */ = {
			isa = XCBuildConfiguration;
			buildSettings = {
				ALWAYS_SEARCH_USER_PATHS = NO;
				CLANG_ANALYZER_NONNULL = YES;
				CLANG_CXX_LANGUAGE_STANDARD = "gnu++0x";
				CLANG_CXX_LIBRARY = "libc++";
				CLANG_ENABLE_MODULES = YES;
				CLANG_ENABLE_OBJC_ARC = YES;
				CLANG_WARN_BOOL_CONVERSION = YES;
				CLANG_WARN_CONSTANT_CONVERSION = YES;
				CLANG_WARN_DIRECT_OBJC_ISA_USAGE = YES_ERROR;
				CLANG_WARN_EMPTY_BODY = YES;
				CLANG_WARN_ENUM_CONVERSION = YES;
				CLANG_WARN_INT_CONVERSION = YES;
				CLANG_WARN_OBJC_ROOT_CLASS = YES_ERROR;
				CLANG_WARN_UNREACHABLE_CODE = YES;
				CLANG_WARN__DUPLICATE_METHOD_MATCH = YES;
				"CODE_SIGN_IDENTITY[sdk=iphoneos*]" = "iPhone Developer";
				COPY_PHASE_STRIP = NO;
				DEBUG_INFORMATION_FORMAT = dwarf;
				ENABLE_STRICT_OBJC_MSGSEND = YES;
				ENABLE_TESTABILITY = YES;
				GCC_C_LANGUAGE_STANDARD = gnu99;
				GCC_DYNAMIC_NO_PIC = NO;
				GCC_NO_COMMON_BLOCKS = YES;
				GCC_OPTIMIZATION_LEVEL = 0;
				GCC_PREPROCESSOR_DEFINITIONS = (
					"DEBUG=1",
					"$(inherited)",
				);
				GCC_WARN_64_TO_32_BIT_CONVERSION = YES;
				GCC_WARN_ABOUT_RETURN_TYPE = YES_ERROR;
				GCC_WARN_UNDECLARED_SELECTOR = YES;
				GCC_WARN_UNINITIALIZED_AUTOS = YES_AGGRESSIVE;
				GCC_WARN_UNUSED_FUNCTION = YES;
				GCC_WARN_UNUSED_VARIABLE = YES;
				IPHONEOS_DEPLOYMENT_TARGET = 9.3;
				MTL_ENABLE_DEBUG_INFO = YES;
				ONLY_ACTIVE_ARCH = YES;
				SDKROOT = iphoneos;
				SWIFT_OPTIMIZATION_LEVEL = "-Onone";
				TARGETED_DEVICE_FAMILY = "1,2";
			};
			name = Debug;
		};
		4ACB6F111D5AB296008DA56E /* Release */ = {
			isa = XCBuildConfiguration;
			buildSettings = {
				ALWAYS_SEARCH_USER_PATHS = NO;
				CLANG_ANALYZER_NONNULL = YES;
				CLANG_CXX_LANGUAGE_STANDARD = "gnu++0x";
				CLANG_CXX_LIBRARY = "libc++";
				CLANG_ENABLE_MODULES = YES;
				CLANG_ENABLE_OBJC_ARC = YES;
				CLANG_WARN_BOOL_CONVERSION = YES;
				CLANG_WARN_CONSTANT_CONVERSION = YES;
				CLANG_WARN_DIRECT_OBJC_ISA_USAGE = YES_ERROR;
				CLANG_WARN_EMPTY_BODY = YES;
				CLANG_WARN_ENUM_CONVERSION = YES;
				CLANG_WARN_INT_CONVERSION = YES;
				CLANG_WARN_OBJC_ROOT_CLASS = YES_ERROR;
				CLANG_WARN_UNREACHABLE_CODE = YES;
				CLANG_WARN__DUPLICATE_METHOD_MATCH = YES;
				"CODE_SIGN_IDENTITY[sdk=iphoneos*]" = "iPhone Developer";
				COPY_PHASE_STRIP = NO;
				DEBUG_INFORMATION_FORMAT = "dwarf-with-dsym";
				ENABLE_NS_ASSERTIONS = NO;
				ENABLE_STRICT_OBJC_MSGSEND = YES;
				GCC_C_LANGUAGE_STANDARD = gnu99;
				GCC_NO_COMMON_BLOCKS = YES;
				GCC_WARN_64_TO_32_BIT_CONVERSION = YES;
				GCC_WARN_ABOUT_RETURN_TYPE = YES_ERROR;
				GCC_WARN_UNDECLARED_SELECTOR = YES;
				GCC_WARN_UNINITIALIZED_AUTOS = YES_AGGRESSIVE;
				GCC_WARN_UNUSED_FUNCTION = YES;
				GCC_WARN_UNUSED_VARIABLE = YES;
				IPHONEOS_DEPLOYMENT_TARGET = 9.3;
				MTL_ENABLE_DEBUG_INFO = NO;
				SDKROOT = iphoneos;
				TARGETED_DEVICE_FAMILY = "1,2";
				VALIDATE_PRODUCT = YES;
			};
			name = Release;
		};
		4ACB6F131D5AB296008DA56E /* Debug */ = {
			isa = XCBuildConfiguration;
			buildSettings = {
				ASSETCATALOG_COMPILER_APPICON_NAME = AppIcon;
				INFOPLIST_FILE = "text reader/Info.plist";
				LD_RUNPATH_SEARCH_PATHS = "$(inherited) @executable_path/Frameworks";
				PRODUCT_BUNDLE_IDENTIFIER = "nju.text-reader";
				PRODUCT_NAME = "$(TARGET_NAME)";
			};
			name = Debug;
		};
		4ACB6F141D5AB296008DA56E /* Release */ = {
			isa = XCBuildConfiguration;
			buildSettings = {
				ASSETCATALOG_COMPILER_APPICON_NAME = AppIcon;
				INFOPLIST_FILE = "text reader/Info.plist";
				LD_RUNPATH_SEARCH_PATHS = "$(inherited) @executable_path/Frameworks";
				PRODUCT_BUNDLE_IDENTIFIER = "nju.text-reader";
				PRODUCT_NAME = "$(TARGET_NAME)";
			};
			name = Release;
		};
		4ACB6F161D5AB296008DA56E /* Debug */ = {
			isa = XCBuildConfiguration;
			buildSettings = {
				BUNDLE_LOADER = "$(TEST_HOST)";
				INFOPLIST_FILE = "text readerTests/Info.plist";
				LD_RUNPATH_SEARCH_PATHS = "$(inherited) @executable_path/Frameworks @loader_path/Frameworks";
				PRODUCT_BUNDLE_IDENTIFIER = "nju.text-readerTests";
				PRODUCT_NAME = "$(TARGET_NAME)";
				TEST_HOST = "$(BUILT_PRODUCTS_DIR)/text reader.app/text reader";
			};
			name = Debug;
		};
		4ACB6F171D5AB296008DA56E /* Release */ = {
			isa = XCBuildConfiguration;
			buildSettings = {
				BUNDLE_LOADER = "$(TEST_HOST)";
				INFOPLIST_FILE = "text readerTests/Info.plist";
				LD_RUNPATH_SEARCH_PATHS = "$(inherited) @executable_path/Frameworks @loader_path/Frameworks";
				PRODUCT_BUNDLE_IDENTIFIER = "nju.text-readerTests";
				PRODUCT_NAME = "$(TARGET_NAME)";
				TEST_HOST = "$(BUILT_PRODUCTS_DIR)/text reader.app/text reader";
			};
			name = Release;
		};
		4ACB6F191D5AB296008DA56E /* Debug */ = {
			isa = XCBuildConfiguration;
			buildSettings = {
				INFOPLIST_FILE = "text readerUITests/Info.plist";
				LD_RUNPATH_SEARCH_PATHS = "$(inherited) @executable_path/Frameworks @loader_path/Frameworks";
				PRODUCT_BUNDLE_IDENTIFIER = "nju.text-readerUITests";
				PRODUCT_NAME = "$(TARGET_NAME)";
				TEST_TARGET_NAME = "text reader";
			};
			name = Debug;
		};
		4ACB6F1A1D5AB296008DA56E /* Release */ = {
			isa = XCBuildConfiguration;
			buildSettings = {
				INFOPLIST_FILE = "text readerUITests/Info.plist";
				LD_RUNPATH_SEARCH_PATHS = "$(inherited) @executable_path/Frameworks @loader_path/Frameworks";
				PRODUCT_BUNDLE_IDENTIFIER = "nju.text-readerUITests";
				PRODUCT_NAME = "$(TARGET_NAME)";
				TEST_TARGET_NAME = "text reader";
			};
			name = Release;
		};
/* End XCBuildConfiguration section */

/* Begin XCConfigurationList section */
		4ACB6EE51D5AB296008DA56E /* Build configuration list for PBXProject "text reader" */ = {
			isa = XCConfigurationList;
			buildConfigurations = (
				4ACB6F101D5AB296008DA56E /* Debug */,
				4ACB6F111D5AB296008DA56E /* Release */,
			);
			defaultConfigurationIsVisible = 0;
			defaultConfigurationName = Release;
		};
		4ACB6F121D5AB296008DA56E /* Build configuration list for PBXNativeTarget "text reader" */ = {
			isa = XCConfigurationList;
			buildConfigurations = (
				4ACB6F131D5AB296008DA56E /* Debug */,
				4ACB6F141D5AB296008DA56E /* Release */,
			);
			defaultConfigurationIsVisible = 0;
		};
		4ACB6F151D5AB296008DA56E /* Build configuration list for PBXNativeTarget "text readerTests" */ = {
			isa = XCConfigurationList;
			buildConfigurations = (
				4ACB6F161D5AB296008DA56E /* Debug */,
				4ACB6F171D5AB296008DA56E /* Release */,
			);
			defaultConfigurationIsVisible = 0;
		};
		4ACB6F181D5AB296008DA56E /* Build configuration list for PBXNativeTarget "text readerUITests" */ = {
			isa = XCConfigurationList;
			buildConfigurations = (
				4ACB6F191D5AB296008DA56E /* Debug */,
				4ACB6F1A1D5AB296008DA56E /* Release */,
			);
			defaultConfigurationIsVisible = 0;
		};
/* End XCConfigurationList section */
	};
	rootObject = 4ACB6EE21D5AB296008DA56E /* Project object */;
}
